// !$*UTF8*$!
{
	archiveVersion = 1;
	classes = {
	};
	objectVersion = 48;
	objects = {

/* Begin PBXBuildFile section */
		7E61EC5420252D35003BBD2C /* AppDelegate.swift in Sources */ = {isa = PBXBuildFile; fileRef = 7E61EC5320252D35003BBD2C /* AppDelegate.swift */; };
		7E61EC5620252D35003BBD2C /* MainViewController.swift in Sources */ = {isa = PBXBuildFile; fileRef = 7E61EC5520252D35003BBD2C /* MainViewController.swift */; };
		7E61EC5920252D35003BBD2C /* Main.storyboard in Resources */ = {isa = PBXBuildFile; fileRef = 7E61EC5720252D35003BBD2C /* Main.storyboard */; };
		7E61EC5B20252D35003BBD2C /* Assets.xcassets in Resources */ = {isa = PBXBuildFile; fileRef = 7E61EC5A20252D35003BBD2C /* Assets.xcassets */; };
		7E61EC5E20252D35003BBD2C /* LaunchScreen.storyboard in Resources */ = {isa = PBXBuildFile; fileRef = 7E61EC5C20252D35003BBD2C /* LaunchScreen.storyboard */; };
		7E61EC6620253166003BBD2C /* RecommendationViewController.swift in Sources */ = {isa = PBXBuildFile; fileRef = 7E61EC6520253166003BBD2C /* RecommendationViewController.swift */; };
		7E61EC68202534A5003BBD2C /* UIViewExtension.swift in Sources */ = {isa = PBXBuildFile; fileRef = 7E61EC67202534A5003BBD2C /* UIViewExtension.swift */; };
/* End PBXBuildFile section */

/* Begin PBXFileReference section */
		7E61EC5020252D35003BBD2C /* Munchies.app */ = {isa = PBXFileReference; explicitFileType = wrapper.application; includeInIndex = 0; path = Munchies.app; sourceTree = BUILT_PRODUCTS_DIR; };
		7E61EC5320252D35003BBD2C /* AppDelegate.swift */ = {isa = PBXFileReference; lastKnownFileType = sourcecode.swift; path = AppDelegate.swift; sourceTree = "<group>"; };
		7E61EC5520252D35003BBD2C /* MainViewController.swift */ = {isa = PBXFileReference; lastKnownFileType = sourcecode.swift; path = MainViewController.swift; sourceTree = "<group>"; };
		7E61EC5820252D35003BBD2C /* Base */ = {isa = PBXFileReference; lastKnownFileType = file.storyboard; name = Base; path = Base.lproj/Main.storyboard; sourceTree = "<group>"; };
		7E61EC5A20252D35003BBD2C /* Assets.xcassets */ = {isa = PBXFileReference; lastKnownFileType = folder.assetcatalog; path = Assets.xcassets; sourceTree = "<group>"; };
		7E61EC5D20252D35003BBD2C /* Base */ = {isa = PBXFileReference; lastKnownFileType = file.storyboard; name = Base; path = Base.lproj/LaunchScreen.storyboard; sourceTree = "<group>"; };
		7E61EC5F20252D35003BBD2C /* Info.plist */ = {isa = PBXFileReference; lastKnownFileType = text.plist.xml; path = Info.plist; sourceTree = "<group>"; };
		7E61EC6520253166003BBD2C /* RecommendationViewController.swift */ = {isa = PBXFileReference; lastKnownFileType = sourcecode.swift; path = RecommendationViewController.swift; sourceTree = "<group>"; };
		7E61EC67202534A5003BBD2C /* UIViewExtension.swift */ = {isa = PBXFileReference; lastKnownFileType = sourcecode.swift; path = UIViewExtension.swift; sourceTree = "<group>"; };
/* End PBXFileReference section */

/* Begin PBXFrameworksBuildPhase section */
		7E61EC4D20252D35003BBD2C /* Frameworks */ = {
			isa = PBXFrameworksBuildPhase;
			buildActionMask = 2147483647;
			files = (
			);
			runOnlyForDeploymentPostprocessing = 0;
		};
/* End PBXFrameworksBuildPhase section */

/* Begin PBXGroup section */
		7E61EC4720252D35003BBD2C = {
			isa = PBXGroup;
			children = (
				7E61EC5220252D35003BBD2C /* Munchies */,
				7E61EC5120252D35003BBD2C /* Products */,
			);
			sourceTree = "<group>";
		};
		7E61EC5120252D35003BBD2C /* Products */ = {
			isa = PBXGroup;
			children = (
				7E61EC5020252D35003BBD2C /* Munchies.app */,
			);
			name = Products;
			sourceTree = "<group>";
		};
		7E61EC5220252D35003BBD2C /* Munchies */ = {
			isa = PBXGroup;
			children = (
				7E61EC5320252D35003BBD2C /* AppDelegate.swift */,
				7E61EC5520252D35003BBD2C /* MainViewController.swift */,
				7E61EC5720252D35003BBD2C /* Main.storyboard */,
				7E61EC5A20252D35003BBD2C /* Assets.xcassets */,
				7E61EC5C20252D35003BBD2C /* LaunchScreen.storyboard */,
				7E61EC5F20252D35003BBD2C /* Info.plist */,
				7E61EC6520253166003BBD2C /* RecommendationViewController.swift */,
				7E61EC67202534A5003BBD2C /* UIViewExtension.swift */,
			);
			path = Munchies;
			sourceTree = "<group>";
		};
/* End PBXGroup section */

/* Begin PBXNativeTarget section */
		7E61EC4F20252D35003BBD2C /* Munchies */ = {
			isa = PBXNativeTarget;
			buildConfigurationList = 7E61EC6220252D35003BBD2C /* Build configuration list for PBXNativeTarget "Munchies" */;
			buildPhases = (
				7E61EC4C20252D35003BBD2C /* Sources */,
				7E61EC4D20252D35003BBD2C /* Frameworks */,
				7E61EC4E20252D35003BBD2C /* Resources */,
			);
			buildRules = (
			);
			dependencies = (
			);
			name = Munchies;
			productName = Munchies;
			productReference = 7E61EC5020252D35003BBD2C /* Munchies.app */;
			productType = "com.apple.product-type.application";
		};
/* End PBXNativeTarget section */

/* Begin PBXProject section */
		7E61EC4820252D35003BBD2C /* Project object */ = {
			isa = PBXProject;
			attributes = {
				LastSwiftUpdateCheck = 0920;
				LastUpgradeCheck = 0920;
				ORGANIZATIONNAME = Mobi;
				TargetAttributes = {
					7E61EC4F20252D35003BBD2C = {
						CreatedOnToolsVersion = 9.2;
						ProvisioningStyle = Automatic;
					};
				};
			};
			buildConfigurationList = 7E61EC4B20252D35003BBD2C /* Build configuration list for PBXProject "Munchies" */;
			compatibilityVersion = "Xcode 8.0";
			developmentRegion = en;
			hasScannedForEncodings = 0;
			knownRegions = (
				en,
				Base,
			);
			mainGroup = 7E61EC4720252D35003BBD2C;
			productRefGroup = 7E61EC5120252D35003BBD2C /* Products */;
			projectDirPath = "";
			projectRoot = "";
			targets = (
				7E61EC4F20252D35003BBD2C /* Munchies */,
			);
		};
/* End PBXProject section */

/* Begin PBXResourcesBuildPhase section */
		7E61EC4E20252D35003BBD2C /* Resources */ = {
			isa = PBXResourcesBuildPhase;
			buildActionMask = 2147483647;
			files = (
				7E61EC5E20252D35003BBD2C /* LaunchScreen.storyboard in Resources */,
				7E61EC5B20252D35003BBD2C /* Assets.xcassets in Resources */,
				7E61EC5920252D35003BBD2C /* Main.storyboard in Resources */,
			);
			runOnlyForDeploymentPostprocessing = 0;
		};
/* End PBXResourcesBuildPhase section */

/* Begin PBXSourcesBuildPhase section */
		7E61EC4C20252D35003BBD2C /* Sources */ = {
			isa = PBXSourcesBuildPhase;
			buildActionMask = 2147483647;
			files = (
				7E61EC6620253166003BBD2C /* RecommendationViewController.swift in Sources */,
				7E61EC5620252D35003BBD2C /* MainViewController.swift in Sources */,
				7E61EC68202534A5003BBD2C /* UIViewExtension.swift in Sources */,
				7E61EC5420252D35003BBD2C /* AppDelegate.swift in Sources */,
			);
			runOnlyForDeploymentPostprocessing = 0;
		};
/* End PBXSourcesBuildPhase section */

/* Begin PBXVariantGroup section */
		7E61EC5720252D35003BBD2C /* Main.storyboard */ = {
			isa = PBXVariantGroup;
			children = (
				7E61EC5820252D35003BBD2C /* Base */,
			);
			name = Main.storyboard;
			sourceTree = "<group>";
		};
		7E61EC5C20252D35003BBD2C /* LaunchScreen.storyboard */ = {
			isa = PBXVariantGroup;
			children = (
				7E61EC5D20252D35003BBD2C /* Base */,
			);
			name = LaunchScreen.storyboard;
			sourceTree = "<group>";
		};
/* End PBXVariantGroup section */

/* Begin XCBuildConfiguration section */
		7E61EC6020252D35003BBD2C /* Debug */ = {
			isa = XCBuildConfiguration;
			buildSettings = {
				ALWAYS_SEARCH_USER_PATHS = NO;
				CLANG_ANALYZER_NONNULL = YES;
				CLANG_ANALYZER_NUMBER_OBJECT_CONVERSION = YES_AGGRESSIVE;
				CLANG_CXX_LANGUAGE_STANDARD = "gnu++14";
				CLANG_CXX_LIBRARY = "libc++";
				CLANG_ENABLE_MODULES = YES;
				CLANG_ENABLE_OBJC_ARC = YES;
				CLANG_WARN_BLOCK_CAPTURE_AUTORELEASING = YES;
				CLANG_WARN_BOOL_CONVERSION = YES;
				CLANG_WARN_COMMA = YES;
				CLANG_WARN_CONSTANT_CONVERSION = YES;
				CLANG_WARN_DIRECT_OBJC_ISA_USAGE = YES_ERROR;
				CLANG_WARN_DOCUMENTATION_COMMENTS = YES;
				CLANG_WARN_EMPTY_BODY = YES;
				CLANG_WARN_ENUM_CONVERSION = YES;
				CLANG_WARN_INFINITE_RECURSION = YES;
				CLANG_WARN_INT_CONVERSION = YES;
				CLANG_WARN_NON_LITERAL_NULL_CONVERSION = YES;
				CLANG_WARN_OBJC_LITERAL_CONVERSION = YES;
				CLANG_WARN_OBJC_ROOT_CLASS = YES_ERROR;
				CLANG_WARN_RANGE_LOOP_ANALYSIS = YES;
				CLANG_WARN_STRICT_PROTOTYPES = YES;
				CLANG_WARN_SUSPICIOUS_MOVE = YES;
				CLANG_WARN_UNGUARDED_AVAILABILITY = YES_AGGRESSIVE;
				CLANG_WARN_UNREACHABLE_CODE = YES;
				CLANG_WARN__DUPLICATE_METHOD_MATCH = YES;
				CODE_SIGN_IDENTITY = "iPhone Developer";
				COPY_PHASE_STRIP = NO;
				DEBUG_INFORMATION_FORMAT = dwarf;
				ENABLE_STRICT_OBJC_MSGSEND = YES;
				ENABLE_TESTABILITY = YES;
				GCC_C_LANGUAGE_STANDARD = gnu11;
				GCC_DYNAMIC_NO_PIC = NO;
				GCC_NO_COMMON_BLOCKS = YES;
				GCC_OPTIMIZATION_LEVEL = 0;
				GCC_PREPROCESSOR_DEFINITIONS = (
					"DEBUG=1",
					"$(inherited)",
				);
				GCC_WARN_64_TO_32_BIT_CONVERSION = YES;
				GCC_WARN_ABOUT_RETURN_TYPE = YES_ERROR;
				GCC_WARN_UNDECLARED_SELECTOR = YES;
				GCC_WARN_UNINITIALIZED_AUTOS = YES_AGGRESSIVE;
				GCC_WARN_UNUSED_FUNCTION = YES;
				GCC_WARN_UNUSED_VARIABLE = YES;
				IPHONEOS_DEPLOYMENT_TARGET = 11.2;
				MTL_ENABLE_DEBUG_INFO = YES;
				ONLY_ACTIVE_ARCH = YES;
				SDKROOT = iphoneos;
				SWIFT_ACTIVE_COMPILATION_CONDITIONS = DEBUG;
				SWIFT_OPTIMIZATION_LEVEL = "-Onone";
			};
			name = Debug;
		};
		7E61EC6120252D35003BBD2C /* Release */ = {
			isa = XCBuildConfiguration;
			buildSettings = {
				ALWAYS_SEARCH_USER_PATHS = NO;
				CLANG_ANALYZER_NONNULL = YES;
				CLANG_ANALYZER_NUMBER_OBJECT_CONVERSION = YES_AGGRESSIVE;
				CLANG_CXX_LANGUAGE_STANDARD = "gnu++14";
				CLANG_CXX_LIBRARY = "libc++";
				CLANG_ENABLE_MODULES = YES;
				CLANG_ENABLE_OBJC_ARC = YES;
				CLANG_WARN_BLOCK_CAPTURE_AUTORELEASING = YES;
				CLANG_WARN_BOOL_CONVERSION = YES;
				CLANG_WARN_COMMA = YES;
				CLANG_WARN_CONSTANT_CONVERSION = YES;
				CLANG_WARN_DIRECT_OBJC_ISA_USAGE = YES_ERROR;
				CLANG_WARN_DOCUMENTATION_COMMENTS = YES;
				CLANG_WARN_EMPTY_BODY = YES;
				CLANG_WARN_ENUM_CONVERSION = YES;
				CLANG_WARN_INFINITE_RECURSION = YES;
				CLANG_WARN_INT_CONVERSION = YES;
				CLANG_WARN_NON_LITERAL_NULL_CONVERSION = YES;
				CLANG_WARN_OBJC_LITERAL_CONVERSION = YES;
				CLANG_WARN_OBJC_ROOT_CLASS = YES_ERROR;
				CLANG_WARN_RANGE_LOOP_ANALYSIS = YES;
				CLANG_WARN_STRICT_PROTOTYPES = YES;
				CLANG_WARN_SUSPICIOUS_MOVE = YES;
				CLANG_WARN_UNGUARDED_AVAILABILITY = YES_AGGRESSIVE;
				CLANG_WARN_UNREACHABLE_CODE = YES;
				CLANG_WARN__DUPLICATE_METHOD_MATCH = YES;
				CODE_SIGN_IDENTITY = "iPhone Developer";
				COPY_PHASE_STRIP = NO;
				DEBUG_INFORMATION_FORMAT = "dwarf-with-dsym";
				ENABLE_NS_ASSERTIONS = NO;
				ENABLE_STRICT_OBJC_MSGSEND = YES;
				GCC_C_LANGUAGE_STANDARD = gnu11;
				GCC_NO_COMMON_BLOCKS = YES;
				GCC_WARN_64_TO_32_BIT_CONVERSION = YES;
				GCC_WARN_ABOUT_RETURN_TYPE = YES_ERROR;
				GCC_WARN_UNDECLARED_SELECTOR = YES;
				GCC_WARN_UNINITIALIZED_AUTOS = YES_AGGRESSIVE;
				GCC_WARN_UNUSED_FUNCTION = YES;
				GCC_WARN_UNUSED_VARIABLE = YES;
				IPHONEOS_DEPLOYMENT_TARGET = 11.2;
				MTL_ENABLE_DEBUG_INFO = NO;
				SDKROOT = iphoneos;
				SWIFT_OPTIMIZATION_LEVEL = "-Owholemodule";
				VALIDATE_PRODUCT = YES;
			};
			name = Release;
		};
		7E61EC6320252D35003BBD2C /* Debug */ = {
			isa = XCBuildConfiguration;
			buildSettings = {
				ASSETCATALOG_COMPILER_APPICON_NAME = AppIcon;
				CODE_SIGN_STYLE = Automatic;
				INFOPLIST_FILE = Munchies/Info.plist;
				LD_RUNPATH_SEARCH_PATHS = "$(inherited) @executable_path/Frameworks";
				PRODUCT_BUNDLE_IDENTIFIER = mobi.idappthat.Munchies;
				PRODUCT_NAME = "$(TARGET_NAME)";
				SWIFT_VERSION = 4.0;
				TARGETED_DEVICE_FAMILY = "1,2";
			};
			name = Debug;
		};
		7E61EC6420252D35003BBD2C /* Release */ = {
			isa = XCBuildConfiguration;
			buildSettings = {
				ASSETCATALOG_COMPILER_APPICON_NAME = AppIcon;
				CODE_SIGN_STYLE = Automatic;
				INFOPLIST_FILE = Munchies/Info.plist;
				LD_RUNPATH_SEARCH_PATHS = "$(inherited) @executable_path/Frameworks";
				PRODUCT_BUNDLE_IDENTIFIER = mobi.idappthat.Munchies;
				PRODUCT_NAME = "$(TARGET_NAME)";
				SWIFT_VERSION = 4.0;
				TARGETED_DEVICE_FAMILY = "1,2";
			};
			name = Release;
		};
/* End XCBuildConfiguration section */

/* Begin XCConfigurationList section */
		7E61EC4B20252D35003BBD2C /* Build configuration list for PBXProject "Munchies" */ = {
			isa = XCConfigurationList;
			buildConfigurations = (
				7E61EC6020252D35003BBD2C /* Debug */,
				7E61EC6120252D35003BBD2C /* Release */,
			);
			defaultConfigurationIsVisible = 0;
			defaultConfigurationName = Release;
		};
		7E61EC6220252D35003BBD2C /* Build configuration list for PBXNativeTarget "Munchies" */ = {
			isa = XCConfigurationList;
			buildConfigurations = (
				7E61EC6320252D35003BBD2C /* Debug */,
				7E61EC6420252D35003BBD2C /* Release */,
			);
			defaultConfigurationIsVisible = 0;
			defaultConfigurationName = Release;
		};
/* End XCConfigurationList section */
	};
	rootObject = 7E61EC4820252D35003BBD2C /* Project object */;
}
